
Microsoft Visual Studio Solution File, Format Version 12.00
# Visual Studio 2012
Project("{FAE04EC0-301F-11D3-BF4B-00C04F79EFBC}") = "MegsMap", "MegsMap\MegsMap.csproj", "{CF0C6FB0-3164-4CBC-9746-8D5E9D28BE7E}"
EndProject
Global
	GlobalSection(SolutionConfigurationPlatforms) = preSolution
		Debug|x86 = Debug|x86
		Release|x86 = Release|x86
	EndGlobalSection
	GlobalSection(ProjectConfigurationPlatforms) = postSolution
		{CF0C6FB0-3164-4CBC-9746-8D5E9D28BE7E}.Debug|x86.ActiveCfg = Debug|x86
		{CF0C6FB0-3164-4CBC-9746-8D5E9D28BE7E}.Debug|x86.Build.0 = Debug|x86
		{CF0C6FB0-3164-4CBC-9746-8D5E9D28BE7E}.Release|x86.ActiveCfg = Release|x86
		{CF0C6FB0-3164-4CBC-9746-8D5E9D28BE7E}.Release|x86.Build.0 = Release|x86
	EndGlobalSection
EndGlobal
